// !$*UTF8*$!
{
	archiveVersion = 1;
	classes = {
	};
	objectVersion = 46;
	objects = {

/* Begin PBXBuildFile section */
		F551ABDF1BC64DE50091549F /* main.m in Sources */ = {isa = PBXBuildFile; fileRef = F551ABDE1BC64DE50091549F /* main.m */; };
		F551ABE21BC64DE50091549F /* AppDelegate.m in Sources */ = {isa = PBXBuildFile; fileRef = F551ABE11BC64DE50091549F /* AppDelegate.m */; };
		F551ABE51BC64DE50091549F /* ViewController.m in Sources */ = {isa = PBXBuildFile; fileRef = F551ABE41BC64DE50091549F /* ViewController.m */; };
		F551ABE81BC64DE50091549F /* Main.storyboard in Resources */ = {isa = PBXBuildFile; fileRef = F551ABE61BC64DE50091549F /* Main.storyboard */; };
		F551ABEA1BC64DE50091549F /* Assets.xcassets in Resources */ = {isa = PBXBuildFile; fileRef = F551ABE91BC64DE50091549F /* Assets.xcassets */; };
		F551ABED1BC64DE60091549F /* LaunchScreen.storyboard in Resources */ = {isa = PBXBuildFile; fileRef = F551ABEB1BC64DE60091549F /* LaunchScreen.storyboard */; };
		F551ABF81BC64DE60091549F /* coreTextDemoTests.m in Sources */ = {isa = PBXBuildFile; fileRef = F551ABF71BC64DE60091549F /* coreTextDemoTests.m */; };
		F551AC031BC64DE60091549F /* coreTextDemoUITests.m in Sources */ = {isa = PBXBuildFile; fileRef = F551AC021BC64DE60091549F /* coreTextDemoUITests.m */; };
		F5A932CA1BCE5CC900667EE3 /* NSString+Additions.m in Sources */ = {isa = PBXBuildFile; fileRef = F5A932A11BCE5CC900667EE3 /* NSString+Additions.m */; settings = {ASSET_TAGS = (); }; };
		F5A932CB1BCE5CC900667EE3 /* MKAnnotationView+WebCache.m in Sources */ = {isa = PBXBuildFile; fileRef = F5A932A41BCE5CC900667EE3 /* MKAnnotationView+WebCache.m */; settings = {ASSET_TAGS = (); }; };
		F5A932CC1BCE5CC900667EE3 /* NSData+ImageContentType.m in Sources */ = {isa = PBXBuildFile; fileRef = F5A932A61BCE5CC900667EE3 /* NSData+ImageContentType.m */; settings = {ASSET_TAGS = (); }; };
		F5A932CD1BCE5CC900667EE3 /* SDImageCache.m in Sources */ = {isa = PBXBuildFile; fileRef = F5A932A81BCE5CC900667EE3 /* SDImageCache.m */; settings = {ASSET_TAGS = (); }; };
		F5A932CE1BCE5CC900667EE3 /* SDWebImageCompat.m in Sources */ = {isa = PBXBuildFile; fileRef = F5A932AA1BCE5CC900667EE3 /* SDWebImageCompat.m */; settings = {ASSET_TAGS = (); }; };
		F5A932CF1BCE5CC900667EE3 /* SDWebImageDecoder.m in Sources */ = {isa = PBXBuildFile; fileRef = F5A932AC1BCE5CC900667EE3 /* SDWebImageDecoder.m */; settings = {ASSET_TAGS = (); }; };
		F5A932D01BCE5CC900667EE3 /* SDWebImageDownloader.m in Sources */ = {isa = PBXBuildFile; fileRef = F5A932AE1BCE5CC900667EE3 /* SDWebImageDownloader.m */; settings = {ASSET_TAGS = (); }; };
		F5A932D11BCE5CC900667EE3 /* SDWebImageDownloaderOperation.m in Sources */ = {isa = PBXBuildFile; fileRef = F5A932B01BCE5CC900667EE3 /* SDWebImageDownloaderOperation.m */; settings = {ASSET_TAGS = (); }; };
		F5A932D21BCE5CC900667EE3 /* SDWebImageManager.m in Sources */ = {isa = PBXBuildFile; fileRef = F5A932B21BCE5CC900667EE3 /* SDWebImageManager.m */; settings = {ASSET_TAGS = (); }; };
		F5A932D31BCE5CC900667EE3 /* SDWebImagePrefetcher.m in Sources */ = {isa = PBXBuildFile; fileRef = F5A932B51BCE5CC900667EE3 /* SDWebImagePrefetcher.m */; settings = {ASSET_TAGS = (); }; };
		F5A932D41BCE5CC900667EE3 /* UIButton+WebCache.m in Sources */ = {isa = PBXBuildFile; fileRef = F5A932B71BCE5CC900667EE3 /* UIButton+WebCache.m */; settings = {ASSET_TAGS = (); }; };
		F5A932D51BCE5CC900667EE3 /* UIImage+GIF.m in Sources */ = {isa = PBXBuildFile; fileRef = F5A932B91BCE5CC900667EE3 /* UIImage+GIF.m */; settings = {ASSET_TAGS = (); }; };
		F5A932D61BCE5CC900667EE3 /* UIImage+MultiFormat.m in Sources */ = {isa = PBXBuildFile; fileRef = F5A932BB1BCE5CC900667EE3 /* UIImage+MultiFormat.m */; settings = {ASSET_TAGS = (); }; };
		F5A932D71BCE5CC900667EE3 /* UIImage+WebP.m in Sources */ = {isa = PBXBuildFile; fileRef = F5A932BD1BCE5CC900667EE3 /* UIImage+WebP.m */; settings = {ASSET_TAGS = (); }; };
		F5A932D81BCE5CC900667EE3 /* UIImageView+HighlightedWebCache.m in Sources */ = {isa = PBXBuildFile; fileRef = F5A932BF1BCE5CC900667EE3 /* UIImageView+HighlightedWebCache.m */; settings = {ASSET_TAGS = (); }; };
		F5A932D91BCE5CC900667EE3 /* UIImageView+WebCache.m in Sources */ = {isa = PBXBuildFile; fileRef = F5A932C11BCE5CC900667EE3 /* UIImageView+WebCache.m */; settings = {ASSET_TAGS = (); }; };
		F5A932DA1BCE5CC900667EE3 /* UIView+WebCacheOperation.m in Sources */ = {isa = PBXBuildFile; fileRef = F5A932C31BCE5CC900667EE3 /* UIView+WebCacheOperation.m */; settings = {ASSET_TAGS = (); }; };
		F5A932DB1BCE5CC900667EE3 /* UIColor+Additions.m in Sources */ = {isa = PBXBuildFile; fileRef = F5A932C51BCE5CC900667EE3 /* UIColor+Additions.m */; settings = {ASSET_TAGS = (); }; };
		F5A932DC1BCE5CC900667EE3 /* UIScreen+Additions.m in Sources */ = {isa = PBXBuildFile; fileRef = F5A932C71BCE5CC900667EE3 /* UIScreen+Additions.m */; settings = {ASSET_TAGS = (); }; };
		F5A932DD1BCE5CC900667EE3 /* UIView+Additions.m in Sources */ = {isa = PBXBuildFile; fileRef = F5A932C91BCE5CC900667EE3 /* UIView+Additions.m */; settings = {ASSET_TAGS = (); }; };
		F5CA88001BCBF51400F2B3B2 /* RxLabel.m in Sources */ = {isa = PBXBuildFile; fileRef = F5CA87FD1BCBF51400F2B3B2 /* RxLabel.m */; settings = {ASSET_TAGS = (); }; };
		F5CA88011BCBF51400F2B3B2 /* RxTextLinkTapView.m in Sources */ = {isa = PBXBuildFile; fileRef = F5CA87FF1BCBF51400F2B3B2 /* RxTextLinkTapView.m */; settings = {ASSET_TAGS = (); }; };
/* End PBXBuildFile section */

/* Begin PBXContainerItemProxy section */
		F551ABF41BC64DE60091549F /* PBXContainerItemProxy */ = {
			isa = PBXContainerItemProxy;
			containerPortal = F551ABD21BC64DE50091549F /* Project object */;
			proxyType = 1;
			remoteGlobalIDString = F551ABD91BC64DE50091549F;
			remoteInfo = coreTextDemo;
		};
		F551ABFF1BC64DE60091549F /* PBXContainerItemProxy */ = {
			isa = PBXContainerItemProxy;
			containerPortal = F551ABD21BC64DE50091549F /* Project object */;
			proxyType = 1;
			remoteGlobalIDString = F551ABD91BC64DE50091549F;
			remoteInfo = coreTextDemo;
		};
/* End PBXContainerItemProxy section */

/* Begin PBXFileReference section */
		F551ABDA1BC64DE50091549F /* coreTextDemo.app */ = {isa = PBXFileReference; explicitFileType = wrapper.application; includeInIndex = 0; path = coreTextDemo.app; sourceTree = BUILT_PRODUCTS_DIR; };
		F551ABDE1BC64DE50091549F /* main.m */ = {isa = PBXFileReference; lastKnownFileType = sourcecode.c.objc; path = main.m; sourceTree = "<group>"; };
		F551ABE01BC64DE50091549F /* AppDelegate.h */ = {isa = PBXFileReference; lastKnownFileType = sourcecode.c.h; path = AppDelegate.h; sourceTree = "<group>"; };
		F551ABE11BC64DE50091549F /* AppDelegate.m */ = {isa = PBXFileReference; lastKnownFileType = sourcecode.c.objc; path = AppDelegate.m; sourceTree = "<group>"; };
		F551ABE31BC64DE50091549F /* ViewController.h */ = {isa = PBXFileReference; lastKnownFileType = sourcecode.c.h; path = ViewController.h; sourceTree = "<group>"; };
		F551ABE41BC64DE50091549F /* ViewController.m */ = {isa = PBXFileReference; lastKnownFileType = sourcecode.c.objc; path = ViewController.m; sourceTree = "<group>"; };
		F551ABE71BC64DE50091549F /* Base */ = {isa = PBXFileReference; lastKnownFileType = file.storyboard; name = Base; path = Base.lproj/Main.storyboard; sourceTree = "<group>"; };
		F551ABE91BC64DE50091549F /* Assets.xcassets */ = {isa = PBXFileReference; lastKnownFileType = folder.assetcatalog; path = Assets.xcassets; sourceTree = "<group>"; };
		F551ABEC1BC64DE60091549F /* Base */ = {isa = PBXFileReference; lastKnownFileType = file.storyboard; name = Base; path = Base.lproj/LaunchScreen.storyboard; sourceTree = "<group>"; };
		F551ABEE1BC64DE60091549F /* Info.plist */ = {isa = PBXFileReference; lastKnownFileType = text.plist.xml; path = Info.plist; sourceTree = "<group>"; };
		F551ABF31BC64DE60091549F /* coreTextDemoTests.xctest */ = {isa = PBXFileReference; explicitFileType = wrapper.cfbundle; includeInIndex = 0; path = coreTextDemoTests.xctest; sourceTree = BUILT_PRODUCTS_DIR; };
		F551ABF71BC64DE60091549F /* coreTextDemoTests.m */ = {isa = PBXFileReference; lastKnownFileType = sourcecode.c.objc; path = coreTextDemoTests.m; sourceTree = "<group>"; };
		F551ABF91BC64DE60091549F /* Info.plist */ = {isa = PBXFileReference; lastKnownFileType = text.plist.xml; path = Info.plist; sourceTree = "<group>"; };
		F551ABFE1BC64DE60091549F /* coreTextDemoUITests.xctest */ = {isa = PBXFileReference; explicitFileType = wrapper.cfbundle; includeInIndex = 0; path = coreTextDemoUITests.xctest; sourceTree = BUILT_PRODUCTS_DIR; };
		F551AC021BC64DE60091549F /* coreTextDemoUITests.m */ = {isa = PBXFileReference; lastKnownFileType = sourcecode.c.objc; path = coreTextDemoUITests.m; sourceTree = "<group>"; };
		F551AC041BC64DE60091549F /* Info.plist */ = {isa = PBXFileReference; lastKnownFileType = text.plist.xml; path = Info.plist; sourceTree = "<group>"; };
		F551AC531BC658E40091549F /* coreTextDemo-prefix.pch */ = {isa = PBXFileReference; fileEncoding = 4; lastKnownFileType = sourcecode.c.h; path = "coreTextDemo-prefix.pch"; sourceTree = "<group>"; };
		F5A932A01BCE5CC900667EE3 /* NSString+Additions.h */ = {isa = PBXFileReference; fileEncoding = 4; lastKnownFileType = sourcecode.c.h; path = "NSString+Additions.h"; sourceTree = "<group>"; };
		F5A932A11BCE5CC900667EE3 /* NSString+Additions.m */ = {isa = PBXFileReference; fileEncoding = 4; lastKnownFileType = sourcecode.c.objc; path = "NSString+Additions.m"; sourceTree = "<group>"; };
		F5A932A31BCE5CC900667EE3 /* MKAnnotationView+WebCache.h */ = {isa = PBXFileReference; fileEncoding = 4; lastKnownFileType = sourcecode.c.h; path = "MKAnnotationView+WebCache.h"; sourceTree = "<group>"; };
		F5A932A41BCE5CC900667EE3 /* MKAnnotationView+WebCache.m */ = {isa = PBXFileReference; fileEncoding = 4; lastKnownFileType = sourcecode.c.objc; path = "MKAnnotationView+WebCache.m"; sourceTree = "<group>"; };
		F5A932A51BCE5CC900667EE3 /* NSData+ImageContentType.h */ = {isa = PBXFileReference; fileEncoding = 4; lastKnownFileType = sourcecode.c.h; path = "NSData+ImageContentType.h"; sourceTree = "<group>"; };
		F5A932A61BCE5CC900667EE3 /* NSData+ImageContentType.m */ = {isa = PBXFileReference; fileEncoding = 4; lastKnownFileType = sourcecode.c.objc; path = "NSData+ImageContentType.m"; sourceTree = "<group>"; };
		F5A932A71BCE5CC900667EE3 /* SDImageCache.h */ = {isa = PBXFileReference; fileEncoding = 4; lastKnownFileType = sourcecode.c.h; path = SDImageCache.h; sourceTree = "<group>"; };
		F5A932A81BCE5CC900667EE3 /* SDImageCache.m */ = {isa = PBXFileReference; fileEncoding = 4; lastKnownFileType = sourcecode.c.objc; path = SDImageCache.m; sourceTree = "<group>"; };
		F5A932A91BCE5CC900667EE3 /* SDWebImageCompat.h */ = {isa = PBXFileReference; fileEncoding = 4; lastKnownFileType = sourcecode.c.h; path = SDWebImageCompat.h; sourceTree = "<group>"; };
		F5A932AA1BCE5CC900667EE3 /* SDWebImageCompat.m */ = {isa = PBXFileReference; fileEncoding = 4; lastKnownFileType = sourcecode.c.objc; path = SDWebImageCompat.m; sourceTree = "<group>"; };
		F5A932AB1BCE5CC900667EE3 /* SDWebImageDecoder.h */ = {isa = PBXFileReference; fileEncoding = 4; lastKnownFileType = sourcecode.c.h; path = SDWebImageDecoder.h; sourceTree = "<group>"; };
		F5A932AC1BCE5CC900667EE3 /* SDWebImageDecoder.m */ = {isa = PBXFileReference; fileEncoding = 4; lastKnownFileType = sourcecode.c.objc; path = SDWebImageDecoder.m; sourceTree = "<group>"; };
		F5A932AD1BCE5CC900667EE3 /* SDWebImageDownloader.h */ = {isa = PBXFileReference; fileEncoding = 4; lastKnownFileType = sourcecode.c.h; path = SDWebImageDownloader.h; sourceTree = "<group>"; };
		F5A932AE1BCE5CC900667EE3 /* SDWebImageDownloader.m */ = {isa = PBXFileReference; fileEncoding = 4; lastKnownFileType = sourcecode.c.objc; path = SDWebImageDownloader.m; sourceTree = "<group>"; };
		F5A932AF1BCE5CC900667EE3 /* SDWebImageDownloaderOperation.h */ = {isa = PBXFileReference; fileEncoding = 4; lastKnownFileType = sourcecode.c.h; path = SDWebImageDownloaderOperation.h; sourceTree = "<group>"; };
		F5A932B01BCE5CC900667EE3 /* SDWebImageDownloaderOperation.m */ = {isa = PBXFileReference; fileEncoding = 4; lastKnownFileType = sourcecode.c.objc; path = SDWebImageDownloaderOperation.m; sourceTree = "<group>"; };
		F5A932B11BCE5CC900667EE3 /* SDWebImageManager.h */ = {isa = PBXFileReference; fileEncoding = 4; lastKnownFileType = sourcecode.c.h; path = SDWebImageManager.h; sourceTree = "<group>"; };
		F5A932B21BCE5CC900667EE3 /* SDWebImageManager.m */ = {isa = PBXFileReference; fileEncoding = 4; lastKnownFileType = sourcecode.c.objc; path = SDWebImageManager.m; sourceTree = "<group>"; };
		F5A932B31BCE5CC900667EE3 /* SDWebImageOperation.h */ = {isa = PBXFileReference; fileEncoding = 4; lastKnownFileType = sourcecode.c.h; path = SDWebImageOperation.h; sourceTree = "<group>"; };
		F5A932B41BCE5CC900667EE3 /* SDWebImagePrefetcher.h */ = {isa = PBXFileReference; fileEncoding = 4; lastKnownFileType = sourcecode.c.h; path = SDWebImagePrefetcher.h; sourceTree = "<group>"; };
		F5A932B51BCE5CC900667EE3 /* SDWebImagePrefetcher.m */ = {isa = PBXFileReference; fileEncoding = 4; lastKnownFileType = sourcecode.c.objc; path = SDWebImagePrefetcher.m; sourceTree = "<group>"; };
		F5A932B61BCE5CC900667EE3 /* UIButton+WebCache.h */ = {isa = PBXFileReference; fileEncoding = 4; lastKnownFileType = sourcecode.c.h; path = "UIButton+WebCache.h"; sourceTree = "<group>"; };
		F5A932B71BCE5CC900667EE3 /* UIButton+WebCache.m */ = {isa = PBXFileReference; fileEncoding = 4; lastKnownFileType = sourcecode.c.objc; path = "UIButton+WebCache.m"; sourceTree = "<group>"; };
		F5A932B81BCE5CC900667EE3 /* UIImage+GIF.h */ = {isa = PBXFileReference; fileEncoding = 4; lastKnownFileType = sourcecode.c.h; path = "UIImage+GIF.h"; sourceTree = "<group>"; };
		F5A932B91BCE5CC900667EE3 /* UIImage+GIF.m */ = {isa = PBXFileReference; fileEncoding = 4; lastKnownFileType = sourcecode.c.objc; path = "UIImage+GIF.m"; sourceTree = "<group>"; };
		F5A932BA1BCE5CC900667EE3 /* UIImage+MultiFormat.h */ = {isa = PBXFileReference; fileEncoding = 4; lastKnownFileType = sourcecode.c.h; path = "UIImage+MultiFormat.h"; sourceTree = "<group>"; };
		F5A932BB1BCE5CC900667EE3 /* UIImage+MultiFormat.m */ = {isa = PBXFileReference; fileEncoding = 4; lastKnownFileType = sourcecode.c.objc; path = "UIImage+MultiFormat.m"; sourceTree = "<group>"; };
		F5A932BC1BCE5CC900667EE3 /* UIImage+WebP.h */ = {isa = PBXFileReference; fileEncoding = 4; lastKnownFileType = sourcecode.c.h; path = "UIImage+WebP.h"; sourceTree = "<group>"; };
		F5A932BD1BCE5CC900667EE3 /* UIImage+WebP.m */ = {isa = PBXFileReference; fileEncoding = 4; lastKnownFileType = sourcecode.c.objc; path = "UIImage+WebP.m"; sourceTree = "<group>"; };
		F5A932BE1BCE5CC900667EE3 /* UIImageView+HighlightedWebCache.h */ = {isa = PBXFileReference; fileEncoding = 4; lastKnownFileType = sourcecode.c.h; path = "UIImageView+HighlightedWebCache.h"; sourceTree = "<group>"; };
		F5A932BF1BCE5CC900667EE3 /* UIImageView+HighlightedWebCache.m */ = {isa = PBXFileReference; fileEncoding = 4; lastKnownFileType = sourcecode.c.objc; path = "UIImageView+HighlightedWebCache.m"; sourceTree = "<group>"; };
		F5A932C01BCE5CC900667EE3 /* UIImageView+WebCache.h */ = {isa = PBXFileReference; fileEncoding = 4; lastKnownFileType = sourcecode.c.h; path = "UIImageView+WebCache.h"; sourceTree = "<group>"; };
		F5A932C11BCE5CC900667EE3 /* UIImageView+WebCache.m */ = {isa = PBXFileReference; fileEncoding = 4; lastKnownFileType = sourcecode.c.objc; path = "UIImageView+WebCache.m"; sourceTree = "<group>"; };
		F5A932C21BCE5CC900667EE3 /* UIView+WebCacheOperation.h */ = {isa = PBXFileReference; fileEncoding = 4; lastKnownFileType = sourcecode.c.h; path = "UIView+WebCacheOperation.h"; sourceTree = "<group>"; };
		F5A932C31BCE5CC900667EE3 /* UIView+WebCacheOperation.m */ = {isa = PBXFileReference; fileEncoding = 4; lastKnownFileType = sourcecode.c.objc; path = "UIView+WebCacheOperation.m"; sourceTree = "<group>"; };
		F5A932C41BCE5CC900667EE3 /* UIColor+Additions.h */ = {isa = PBXFileReference; fileEncoding = 4; lastKnownFileType = sourcecode.c.h; path = "UIColor+Additions.h"; sourceTree = "<group>"; };
		F5A932C51BCE5CC900667EE3 /* UIColor+Additions.m */ = {isa = PBXFileReference; fileEncoding = 4; lastKnownFileType = sourcecode.c.objc; path = "UIColor+Additions.m"; sourceTree = "<group>"; };
		F5A932C61BCE5CC900667EE3 /* UIScreen+Additions.h */ = {isa = PBXFileReference; fileEncoding = 4; lastKnownFileType = sourcecode.c.h; path = "UIScreen+Additions.h"; sourceTree = "<group>"; };
		F5A932C71BCE5CC900667EE3 /* UIScreen+Additions.m */ = {isa = PBXFileReference; fileEncoding = 4; lastKnownFileType = sourcecode.c.objc; path = "UIScreen+Additions.m"; sourceTree = "<group>"; };
		F5A932C81BCE5CC900667EE3 /* UIView+Additions.h */ = {isa = PBXFileReference; fileEncoding = 4; lastKnownFileType = sourcecode.c.h; path = "UIView+Additions.h"; sourceTree = "<group>"; };
		F5A932C91BCE5CC900667EE3 /* UIView+Additions.m */ = {isa = PBXFileReference; fileEncoding = 4; lastKnownFileType = sourcecode.c.objc; path = "UIView+Additions.m"; sourceTree = "<group>"; };
		F5CA87FC1BCBF51400F2B3B2 /* RxLabel.h */ = {isa = PBXFileReference; fileEncoding = 4; lastKnownFileType = sourcecode.c.h; path = RxLabel.h; sourceTree = "<group>"; };
		F5CA87FD1BCBF51400F2B3B2 /* RxLabel.m */ = {isa = PBXFileReference; fileEncoding = 4; lastKnownFileType = sourcecode.c.objc; path = RxLabel.m; sourceTree = "<group>"; };
		F5CA87FE1BCBF51400F2B3B2 /* RxTextLinkTapView.h */ = {isa = PBXFileReference; fileEncoding = 4; lastKnownFileType = sourcecode.c.h; path = RxTextLinkTapView.h; sourceTree = "<group>"; };
		F5CA87FF1BCBF51400F2B3B2 /* RxTextLinkTapView.m */ = {isa = PBXFileReference; fileEncoding = 4; lastKnownFileType = sourcecode.c.objc; path = RxTextLinkTapView.m; sourceTree = "<group>"; };
/* End PBXFileReference section */

/* Begin PBXFrameworksBuildPhase section */
		F551ABD71BC64DE50091549F /* Frameworks */ = {
			isa = PBXFrameworksBuildPhase;
			buildActionMask = 2147483647;
			files = (
			);
			runOnlyForDeploymentPostprocessing = 0;
		};
		F551ABF01BC64DE60091549F /* Frameworks */ = {
			isa = PBXFrameworksBuildPhase;
			buildActionMask = 2147483647;
			files = (
			);
			runOnlyForDeploymentPostprocessing = 0;
		};
		F551ABFB1BC64DE60091549F /* Frameworks */ = {
			isa = PBXFrameworksBuildPhase;
			buildActionMask = 2147483647;
			files = (
			);
			runOnlyForDeploymentPostprocessing = 0;
		};
/* End PBXFrameworksBuildPhase section */

/* Begin PBXGroup section */
		F551ABD11BC64DE50091549F = {
			isa = PBXGroup;
			children = (
				F551ABDC1BC64DE50091549F /* coreTextDemo */,
				F551ABF61BC64DE60091549F /* coreTextDemoTests */,
				F551AC011BC64DE60091549F /* coreTextDemoUITests */,
				F551ABDB1BC64DE50091549F /* Products */,
			);
			sourceTree = "<group>";
		};
		F551ABDB1BC64DE50091549F /* Products */ = {
			isa = PBXGroup;
			children = (
				F551ABDA1BC64DE50091549F /* coreTextDemo.app */,
				F551ABF31BC64DE60091549F /* coreTextDemoTests.xctest */,
				F551ABFE1BC64DE60091549F /* coreTextDemoUITests.xctest */,
			);
			name = Products;
			sourceTree = "<group>";
		};
		F551ABDC1BC64DE50091549F /* coreTextDemo */ = {
			isa = PBXGroup;
			children = (
				F5A9329F1BCE5CB900667EE3 /* support */,
				F5CA87FB1BCBF51400F2B3B2 /* RxLabel */,
				F551ABE01BC64DE50091549F /* AppDelegate.h */,
				F551ABE11BC64DE50091549F /* AppDelegate.m */,
				F551ABE31BC64DE50091549F /* ViewController.h */,
				F551ABE41BC64DE50091549F /* ViewController.m */,
				F551ABE61BC64DE50091549F /* Main.storyboard */,
				F551ABE91BC64DE50091549F /* Assets.xcassets */,
				F551ABEB1BC64DE60091549F /* LaunchScreen.storyboard */,
				F551ABEE1BC64DE60091549F /* Info.plist */,
				F551ABDD1BC64DE50091549F /* Supporting Files */,
				F551AC531BC658E40091549F /* coreTextDemo-prefix.pch */,
			);
			path = coreTextDemo;
			sourceTree = "<group>";
		};
		F551ABDD1BC64DE50091549F /* Supporting Files */ = {
			isa = PBXGroup;
			children = (
				F551ABDE1BC64DE50091549F /* main.m */,
			);
			name = "Supporting Files";
			sourceTree = "<group>";
		};
		F551ABF61BC64DE60091549F /* coreTextDemoTests */ = {
			isa = PBXGroup;
			children = (
				F551ABF71BC64DE60091549F /* coreTextDemoTests.m */,
				F551ABF91BC64DE60091549F /* Info.plist */,
			);
			path = coreTextDemoTests;
			sourceTree = "<group>";
		};
		F551AC011BC64DE60091549F /* coreTextDemoUITests */ = {
			isa = PBXGroup;
			children = (
				F551AC021BC64DE60091549F /* coreTextDemoUITests.m */,
				F551AC041BC64DE60091549F /* Info.plist */,
			);
			path = coreTextDemoUITests;
			sourceTree = "<group>";
		};
		F5A9329F1BCE5CB900667EE3 /* support */ = {
			isa = PBXGroup;
			children = (
				F5A932A01BCE5CC900667EE3 /* NSString+Additions.h */,
				F5A932A11BCE5CC900667EE3 /* NSString+Additions.m */,
				F5A932A21BCE5CC900667EE3 /* SDWebImage */,
				F5A932C41BCE5CC900667EE3 /* UIColor+Additions.h */,
				F5A932C51BCE5CC900667EE3 /* UIColor+Additions.m */,
				F5A932C61BCE5CC900667EE3 /* UIScreen+Additions.h */,
				F5A932C71BCE5CC900667EE3 /* UIScreen+Additions.m */,
				F5A932C81BCE5CC900667EE3 /* UIView+Additions.h */,
				F5A932C91BCE5CC900667EE3 /* UIView+Additions.m */,
			);
			name = support;
			sourceTree = "<group>";
		};
		F5A932A21BCE5CC900667EE3 /* SDWebImage */ = {
			isa = PBXGroup;
			children = (
				F5A932A31BCE5CC900667EE3 /* MKAnnotationView+WebCache.h */,
				F5A932A41BCE5CC900667EE3 /* MKAnnotationView+WebCache.m */,
				F5A932A51BCE5CC900667EE3 /* NSData+ImageContentType.h */,
				F5A932A61BCE5CC900667EE3 /* NSData+ImageContentType.m */,
				F5A932A71BCE5CC900667EE3 /* SDImageCache.h */,
				F5A932A81BCE5CC900667EE3 /* SDImageCache.m */,
				F5A932A91BCE5CC900667EE3 /* SDWebImageCompat.h */,
				F5A932AA1BCE5CC900667EE3 /* SDWebImageCompat.m */,
				F5A932AB1BCE5CC900667EE3 /* SDWebImageDecoder.h */,
				F5A932AC1BCE5CC900667EE3 /* SDWebImageDecoder.m */,
				F5A932AD1BCE5CC900667EE3 /* SDWebImageDownloader.h */,
				F5A932AE1BCE5CC900667EE3 /* SDWebImageDownloader.m */,
				F5A932AF1BCE5CC900667EE3 /* SDWebImageDownloaderOperation.h */,
				F5A932B01BCE5CC900667EE3 /* SDWebImageDownloaderOperation.m */,
				F5A932B11BCE5CC900667EE3 /* SDWebImageManager.h */,
				F5A932B21BCE5CC900667EE3 /* SDWebImageManager.m */,
				F5A932B31BCE5CC900667EE3 /* SDWebImageOperation.h */,
				F5A932B41BCE5CC900667EE3 /* SDWebImagePrefetcher.h */,
				F5A932B51BCE5CC900667EE3 /* SDWebImagePrefetcher.m */,
				F5A932B61BCE5CC900667EE3 /* UIButton+WebCache.h */,
				F5A932B71BCE5CC900667EE3 /* UIButton+WebCache.m */,
				F5A932B81BCE5CC900667EE3 /* UIImage+GIF.h */,
				F5A932B91BCE5CC900667EE3 /* UIImage+GIF.m */,
				F5A932BA1BCE5CC900667EE3 /* UIImage+MultiFormat.h */,
				F5A932BB1BCE5CC900667EE3 /* UIImage+MultiFormat.m */,
				F5A932BC1BCE5CC900667EE3 /* UIImage+WebP.h */,
				F5A932BD1BCE5CC900667EE3 /* UIImage+WebP.m */,
				F5A932BE1BCE5CC900667EE3 /* UIImageView+HighlightedWebCache.h */,
				F5A932BF1BCE5CC900667EE3 /* UIImageView+HighlightedWebCache.m */,
				F5A932C01BCE5CC900667EE3 /* UIImageView+WebCache.h */,
				F5A932C11BCE5CC900667EE3 /* UIImageView+WebCache.m */,
				F5A932C21BCE5CC900667EE3 /* UIView+WebCacheOperation.h */,
				F5A932C31BCE5CC900667EE3 /* UIView+WebCacheOperation.m */,
			);
			path = SDWebImage;
			sourceTree = "<group>";
		};
		F5CA87FB1BCBF51400F2B3B2 /* RxLabel */ = {
			isa = PBXGroup;
			children = (
				F5CA87FC1BCBF51400F2B3B2 /* RxLabel.h */,
				F5CA87FD1BCBF51400F2B3B2 /* RxLabel.m */,
				F5CA87FE1BCBF51400F2B3B2 /* RxTextLinkTapView.h */,
				F5CA87FF1BCBF51400F2B3B2 /* RxTextLinkTapView.m */,
			);
			name = RxLabel;
			path = coreTextDemo/RxLabel;
			sourceTree = SOURCE_ROOT;
		};
/* End PBXGroup section */

/* Begin PBXNativeTarget section */
		F551ABD91BC64DE50091549F /* coreTextDemo */ = {
			isa = PBXNativeTarget;
			buildConfigurationList = F551AC071BC64DE60091549F /* Build configuration list for PBXNativeTarget "coreTextDemo" */;
			buildPhases = (
				F551ABD61BC64DE50091549F /* Sources */,
				F551ABD71BC64DE50091549F /* Frameworks */,
				F551ABD81BC64DE50091549F /* Resources */,
			);
			buildRules = (
			);
			dependencies = (
			);
			name = coreTextDemo;
			productName = coreTextDemo;
			productReference = F551ABDA1BC64DE50091549F /* coreTextDemo.app */;
			productType = "com.apple.product-type.application";
		};
		F551ABF21BC64DE60091549F /* coreTextDemoTests */ = {
			isa = PBXNativeTarget;
			buildConfigurationList = F551AC0A1BC64DE60091549F /* Build configuration list for PBXNativeTarget "coreTextDemoTests" */;
			buildPhases = (
				F551ABEF1BC64DE60091549F /* Sources */,
				F551ABF01BC64DE60091549F /* Frameworks */,
				F551ABF11BC64DE60091549F /* Resources */,
			);
			buildRules = (
			);
			dependencies = (
				F551ABF51BC64DE60091549F /* PBXTargetDependency */,
			);
			name = coreTextDemoTests;
			productName = coreTextDemoTests;
			productReference = F551ABF31BC64DE60091549F /* coreTextDemoTests.xctest */;
			productType = "com.apple.product-type.bundle.unit-test";
		};
		F551ABFD1BC64DE60091549F /* coreTextDemoUITests */ = {
			isa = PBXNativeTarget;
			buildConfigurationList = F551AC0D1BC64DE60091549F /* Build configuration list for PBXNativeTarget "coreTextDemoUITests" */;
			buildPhases = (
				F551ABFA1BC64DE60091549F /* Sources */,
				F551ABFB1BC64DE60091549F /* Frameworks */,
				F551ABFC1BC64DE60091549F /* Resources */,
			);
			buildRules = (
			);
			dependencies = (
				F551AC001BC64DE60091549F /* PBXTargetDependency */,
			);
			name = coreTextDemoUITests;
			productName = coreTextDemoUITests;
			productReference = F551ABFE1BC64DE60091549F /* coreTextDemoUITests.xctest */;
			productType = "com.apple.product-type.bundle.ui-testing";
		};
/* End PBXNativeTarget section */

/* Begin PBXProject section */
		F551ABD21BC64DE50091549F /* Project object */ = {
			isa = PBXProject;
			attributes = {
				LastUpgradeCheck = 0700;
				ORGANIZATIONNAME = roxasora;
				TargetAttributes = {
					F551ABD91BC64DE50091549F = {
						CreatedOnToolsVersion = 7.0.1;
					};
					F551ABF21BC64DE60091549F = {
						CreatedOnToolsVersion = 7.0.1;
						TestTargetID = F551ABD91BC64DE50091549F;
					};
					F551ABFD1BC64DE60091549F = {
						CreatedOnToolsVersion = 7.0.1;
						TestTargetID = F551ABD91BC64DE50091549F;
					};
				};
			};
			buildConfigurationList = F551ABD51BC64DE50091549F /* Build configuration list for PBXProject "coreTextDemo" */;
			compatibilityVersion = "Xcode 3.2";
			developmentRegion = English;
			hasScannedForEncodings = 0;
			knownRegions = (
				en,
				Base,
			);
			mainGroup = F551ABD11BC64DE50091549F;
			productRefGroup = F551ABDB1BC64DE50091549F /* Products */;
			projectDirPath = "";
			projectRoot = "";
			targets = (
				F551ABD91BC64DE50091549F /* coreTextDemo */,
				F551ABF21BC64DE60091549F /* coreTextDemoTests */,
				F551ABFD1BC64DE60091549F /* coreTextDemoUITests */,
			);
		};
/* End PBXProject section */

/* Begin PBXResourcesBuildPhase section */
		F551ABD81BC64DE50091549F /* Resources */ = {
			isa = PBXResourcesBuildPhase;
			buildActionMask = 2147483647;
			files = (
				F551ABED1BC64DE60091549F /* LaunchScreen.storyboard in Resources */,
				F551ABEA1BC64DE50091549F /* Assets.xcassets in Resources */,
				F551ABE81BC64DE50091549F /* Main.storyboard in Resources */,
			);
			runOnlyForDeploymentPostprocessing = 0;
		};
		F551ABF11BC64DE60091549F /* Resources */ = {
			isa = PBXResourcesBuildPhase;
			buildActionMask = 2147483647;
			files = (
			);
			runOnlyForDeploymentPostprocessing = 0;
		};
		F551ABFC1BC64DE60091549F /* Resources */ = {
			isa = PBXResourcesBuildPhase;
			buildActionMask = 2147483647;
			files = (
			);
			runOnlyForDeploymentPostprocessing = 0;
		};
/* End PBXResourcesBuildPhase section */

/* Begin PBXSourcesBuildPhase section */
		F551ABD61BC64DE50091549F /* Sources */ = {
			isa = PBXSourcesBuildPhase;
			buildActionMask = 2147483647;
			files = (
				F5CA88011BCBF51400F2B3B2 /* RxTextLinkTapView.m in Sources */,
				F5A932D21BCE5CC900667EE3 /* SDWebImageManager.m in Sources */,
				F5A932CD1BCE5CC900667EE3 /* SDImageCache.m in Sources */,
				F5A932D11BCE5CC900667EE3 /* SDWebImageDownloaderOperation.m in Sources */,
				F5A932DA1BCE5CC900667EE3 /* UIView+WebCacheOperation.m in Sources */,
				F551ABE51BC64DE50091549F /* ViewController.m in Sources */,
				F5A932D41BCE5CC900667EE3 /* UIButton+WebCache.m in Sources */,
				F5A932DC1BCE5CC900667EE3 /* UIScreen+Additions.m in Sources */,
				F5A932CC1BCE5CC900667EE3 /* NSData+ImageContentType.m in Sources */,
				F5A932D31BCE5CC900667EE3 /* SDWebImagePrefetcher.m in Sources */,
				F5A932D01BCE5CC900667EE3 /* SDWebImageDownloader.m in Sources */,
				F551ABE21BC64DE50091549F /* AppDelegate.m in Sources */,
				F5A932D71BCE5CC900667EE3 /* UIImage+WebP.m in Sources */,
				F5A932DD1BCE5CC900667EE3 /* UIView+Additions.m in Sources */,
				F5A932D91BCE5CC900667EE3 /* UIImageView+WebCache.m in Sources */,
				F5A932CF1BCE5CC900667EE3 /* SDWebImageDecoder.m in Sources */,
				F551ABDF1BC64DE50091549F /* main.m in Sources */,
				F5A932DB1BCE5CC900667EE3 /* UIColor+Additions.m in Sources */,
				F5A932CB1BCE5CC900667EE3 /* MKAnnotationView+WebCache.m in Sources */,
				F5A932CE1BCE5CC900667EE3 /* SDWebImageCompat.m in Sources */,
				F5CA88001BCBF51400F2B3B2 /* RxLabel.m in Sources */,
				F5A932CA1BCE5CC900667EE3 /* NSString+Additions.m in Sources */,
				F5A932D61BCE5CC900667EE3 /* UIImage+MultiFormat.m in Sources */,
				F5A932D81BCE5CC900667EE3 /* UIImageView+HighlightedWebCache.m in Sources */,
				F5A932D51BCE5CC900667EE3 /* UIImage+GIF.m in Sources */,
			);
			runOnlyForDeploymentPostprocessing = 0;
		};
		F551ABEF1BC64DE60091549F /* Sources */ = {
			isa = PBXSourcesBuildPhase;
			buildActionMask = 2147483647;
			files = (
				F551ABF81BC64DE60091549F /* coreTextDemoTests.m in Sources */,
			);
			runOnlyForDeploymentPostprocessing = 0;
		};
		F551ABFA1BC64DE60091549F /* Sources */ = {
			isa = PBXSourcesBuildPhase;
			buildActionMask = 2147483647;
			files = (
				F551AC031BC64DE60091549F /* coreTextDemoUITests.m in Sources */,
			);
			runOnlyForDeploymentPostprocessing = 0;
		};
/* End PBXSourcesBuildPhase section */

/* Begin PBXTargetDependency section */
		F551ABF51BC64DE60091549F /* PBXTargetDependency */ = {
			isa = PBXTargetDependency;
			target = F551ABD91BC64DE50091549F /* coreTextDemo */;
			targetProxy = F551ABF41BC64DE60091549F /* PBXContainerItemProxy */;
		};
		F551AC001BC64DE60091549F /* PBXTargetDependency */ = {
			isa = PBXTargetDependency;
			target = F551ABD91BC64DE50091549F /* coreTextDemo */;
			targetProxy = F551ABFF1BC64DE60091549F /* PBXContainerItemProxy */;
		};
/* End PBXTargetDependency section */

/* Begin PBXVariantGroup section */
		F551ABE61BC64DE50091549F /* Main.storyboard */ = {
			isa = PBXVariantGroup;
			children = (
				F551ABE71BC64DE50091549F /* Base */,
			);
			name = Main.storyboard;
			sourceTree = "<group>";
		};
		F551ABEB1BC64DE60091549F /* LaunchScreen.storyboard */ = {
			isa = PBXVariantGroup;
			children = (
				F551ABEC1BC64DE60091549F /* Base */,
			);
			name = LaunchScreen.storyboard;
			sourceTree = "<group>";
		};
/* End PBXVariantGroup section */

/* Begin XCBuildConfiguration section */
		F551AC051BC64DE60091549F /* Debug */ = {
			isa = XCBuildConfiguration;
			buildSettings = {
				ALWAYS_SEARCH_USER_PATHS = NO;
				CLANG_CXX_LANGUAGE_STANDARD = "gnu++0x";
				CLANG_CXX_LIBRARY = "libc++";
				CLANG_ENABLE_MODULES = YES;
				CLANG_ENABLE_OBJC_ARC = YES;
				CLANG_WARN_BOOL_CONVERSION = YES;
				CLANG_WARN_CONSTANT_CONVERSION = YES;
				CLANG_WARN_DIRECT_OBJC_ISA_USAGE = YES_ERROR;
				CLANG_WARN_EMPTY_BODY = YES;
				CLANG_WARN_ENUM_CONVERSION = YES;
				CLANG_WARN_INT_CONVERSION = YES;
				CLANG_WARN_OBJC_ROOT_CLASS = YES_ERROR;
				CLANG_WARN_UNREACHABLE_CODE = YES;
				CLANG_WARN__DUPLICATE_METHOD_MATCH = YES;
				"CODE_SIGN_IDENTITY[sdk=iphoneos*]" = "iPhone Developer";
				COPY_PHASE_STRIP = NO;
				DEBUG_INFORMATION_FORMAT = dwarf;
				ENABLE_STRICT_OBJC_MSGSEND = YES;
				ENABLE_TESTABILITY = YES;
				GCC_C_LANGUAGE_STANDARD = gnu99;
				GCC_DYNAMIC_NO_PIC = NO;
				GCC_NO_COMMON_BLOCKS = YES;
				GCC_OPTIMIZATION_LEVEL = 0;
				GCC_PREPROCESSOR_DEFINITIONS = (
					"DEBUG=1",
					"$(inherited)",
				);
				GCC_WARN_64_TO_32_BIT_CONVERSION = YES;
				GCC_WARN_ABOUT_RETURN_TYPE = YES_ERROR;
				GCC_WARN_UNDECLARED_SELECTOR = YES;
				GCC_WARN_UNINITIALIZED_AUTOS = YES_AGGRESSIVE;
				GCC_WARN_UNUSED_FUNCTION = YES;
				GCC_WARN_UNUSED_VARIABLE = YES;
				IPHONEOS_DEPLOYMENT_TARGET = 9.0;
				MTL_ENABLE_DEBUG_INFO = YES;
				ONLY_ACTIVE_ARCH = YES;
				SDKROOT = iphoneos;
				TARGETED_DEVICE_FAMILY = "1,2";
			};
			name = Debug;
		};
		F551AC061BC64DE60091549F /* Release */ = {
			isa = XCBuildConfiguration;
			buildSettings = {
				ALWAYS_SEARCH_USER_PATHS = NO;
				CLANG_CXX_LANGUAGE_STANDARD = "gnu++0x";
				CLANG_CXX_LIBRARY = "libc++";
				CLANG_ENABLE_MODULES = YES;
				CLANG_ENABLE_OBJC_ARC = YES;
				CLANG_WARN_BOOL_CONVERSION = YES;
				CLANG_WARN_CONSTANT_CONVERSION = YES;
				CLANG_WARN_DIRECT_OBJC_ISA_USAGE = YES_ERROR;
				CLANG_WARN_EMPTY_BODY = YES;
				CLANG_WARN_ENUM_CONVERSION = YES;
				CLANG_WARN_INT_CONVERSION = YES;
				CLANG_WARN_OBJC_ROOT_CLASS = YES_ERROR;
				CLANG_WARN_UNREACHABLE_CODE = YES;
				CLANG_WARN__DUPLICATE_METHOD_MATCH = YES;
				"CODE_SIGN_IDENTITY[sdk=iphoneos*]" = "iPhone Developer";
				COPY_PHASE_STRIP = NO;
				DEBUG_INFORMATION_FORMAT = "dwarf-with-dsym";
				ENABLE_NS_ASSERTIONS = NO;
				ENABLE_STRICT_OBJC_MSGSEND = YES;
				GCC_C_LANGUAGE_STANDARD = gnu99;
				GCC_NO_COMMON_BLOCKS = YES;
				GCC_WARN_64_TO_32_BIT_CONVERSION = YES;
				GCC_WARN_ABOUT_RETURN_TYPE = YES_ERROR;
				GCC_WARN_UNDECLARED_SELECTOR = YES;
				GCC_WARN_UNINITIALIZED_AUTOS = YES_AGGRESSIVE;
				GCC_WARN_UNUSED_FUNCTION = YES;
				GCC_WARN_UNUSED_VARIABLE = YES;
				IPHONEOS_DEPLOYMENT_TARGET = 9.0;
				MTL_ENABLE_DEBUG_INFO = NO;
				SDKROOT = iphoneos;
				TARGETED_DEVICE_FAMILY = "1,2";
				VALIDATE_PRODUCT = YES;
			};
			name = Release;
		};
		F551AC081BC64DE60091549F /* Debug */ = {
			isa = XCBuildConfiguration;
			buildSettings = {
				ASSETCATALOG_COMPILER_APPICON_NAME = AppIcon;
				GCC_PRECOMPILE_PREFIX_HEADER = YES;
				GCC_PREFIX_HEADER = "$(SRCROOT)/coreTextDemo/coreTextDemo-prefix.pch";
				INFOPLIST_FILE = coreTextDemo/Info.plist;
				IPHONEOS_DEPLOYMENT_TARGET = 7.0;
				LD_RUNPATH_SEARCH_PATHS = "$(inherited) @executable_path/Frameworks";
				PRODUCT_BUNDLE_IDENTIFIER = com.roxasora.coreTextDemo;
				PRODUCT_NAME = "$(TARGET_NAME)";
			};
			name = Debug;
		};
		F551AC091BC64DE60091549F /* Release */ = {
			isa = XCBuildConfiguration;
			buildSettings = {
				ASSETCATALOG_COMPILER_APPICON_NAME = AppIcon;
				GCC_PRECOMPILE_PREFIX_HEADER = YES;
				GCC_PREFIX_HEADER = "$(SRCROOT)/coreTextDemo/coreTextDemo-prefix.pch";
				INFOPLIST_FILE = coreTextDemo/Info.plist;
				IPHONEOS_DEPLOYMENT_TARGET = 7.0;
				LD_RUNPATH_SEARCH_PATHS = "$(inherited) @executable_path/Frameworks";
				PRODUCT_BUNDLE_IDENTIFIER = com.roxasora.coreTextDemo;
				PRODUCT_NAME = "$(TARGET_NAME)";
			};
			name = Release;
		};
		F551AC0B1BC64DE60091549F /* Debug */ = {
			isa = XCBuildConfiguration;
			buildSettings = {
				BUNDLE_LOADER = "$(TEST_HOST)";
				INFOPLIST_FILE = coreTextDemoTests/Info.plist;
				LD_RUNPATH_SEARCH_PATHS = "$(inherited) @executable_path/Frameworks @loader_path/Frameworks";
				PRODUCT_BUNDLE_IDENTIFIER = com.roxasora.coreTextDemoTests;
				PRODUCT_NAME = "$(TARGET_NAME)";
				TEST_HOST = "$(BUILT_PRODUCTS_DIR)/coreTextDemo.app/coreTextDemo";
			};
			name = Debug;
		};
		F551AC0C1BC64DE60091549F /* Release */ = {
			isa = XCBuildConfiguration;
			buildSettings = {
				BUNDLE_LOADER = "$(TEST_HOST)";
				INFOPLIST_FILE = coreTextDemoTests/Info.plist;
				LD_RUNPATH_SEARCH_PATHS = "$(inherited) @executable_path/Frameworks @loader_path/Frameworks";
				PRODUCT_BUNDLE_IDENTIFIER = com.roxasora.coreTextDemoTests;
				PRODUCT_NAME = "$(TARGET_NAME)";
				TEST_HOST = "$(BUILT_PRODUCTS_DIR)/coreTextDemo.app/coreTextDemo";
			};
			name = Release;
		};
		F551AC0E1BC64DE60091549F /* Debug */ = {
			isa = XCBuildConfiguration;
			buildSettings = {
				INFOPLIST_FILE = coreTextDemoUITests/Info.plist;
				LD_RUNPATH_SEARCH_PATHS = "$(inherited) @executable_path/Frameworks @loader_path/Frameworks";
				PRODUCT_BUNDLE_IDENTIFIER = com.roxasora.coreTextDemoUITests;
				PRODUCT_NAME = "$(TARGET_NAME)";
				TEST_TARGET_NAME = coreTextDemo;
				USES_XCTRUNNER = YES;
			};
			name = Debug;
		};
		F551AC0F1BC64DE60091549F /* Release */ = {
			isa = XCBuildConfiguration;
			buildSettings = {
				INFOPLIST_FILE = coreTextDemoUITests/Info.plist;
				LD_RUNPATH_SEARCH_PATHS = "$(inherited) @executable_path/Frameworks @loader_path/Frameworks";
				PRODUCT_BUNDLE_IDENTIFIER = com.roxasora.coreTextDemoUITests;
				PRODUCT_NAME = "$(TARGET_NAME)";
				TEST_TARGET_NAME = coreTextDemo;
				USES_XCTRUNNER = YES;
			};
			name = Release;
		};
/* End XCBuildConfiguration section */

/* Begin XCConfigurationList section */
		F551ABD51BC64DE50091549F /* Build configuration list for PBXProject "coreTextDemo" */ = {
			isa = XCConfigurationList;
			buildConfigurations = (
				F551AC051BC64DE60091549F /* Debug */,
				F551AC061BC64DE60091549F /* Release */,
			);
			defaultConfigurationIsVisible = 0;
			defaultConfigurationName = Release;
		};
		F551AC071BC64DE60091549F /* Build configuration list for PBXNativeTarget "coreTextDemo" */ = {
			isa = XCConfigurationList;
			buildConfigurations = (
				F551AC081BC64DE60091549F /* Debug */,
				F551AC091BC64DE60091549F /* Release */,
			);
			defaultConfigurationIsVisible = 0;
			defaultConfigurationName = Release;
		};
		F551AC0A1BC64DE60091549F /* Build configuration list for PBXNativeTarget "coreTextDemoTests" */ = {
			isa = XCConfigurationList;
			buildConfigurations = (
				F551AC0B1BC64DE60091549F /* Debug */,
				F551AC0C1BC64DE60091549F /* Release */,
			);
			defaultConfigurationIsVisible = 0;
			defaultConfigurationName = Release;
		};
		F551AC0D1BC64DE60091549F /* Build configuration list for PBXNativeTarget "coreTextDemoUITests" */ = {
			isa = XCConfigurationList;
			buildConfigurations = (
				F551AC0E1BC64DE60091549F /* Debug */,
				F551AC0F1BC64DE60091549F /* Release */,
			);
			defaultConfigurationIsVisible = 0;
			defaultConfigurationName = Release;
		};
/* End XCConfigurationList section */
	};
	rootObject = F551ABD21BC64DE50091549F /* Project object */;
}
